
Microsoft Visual Studio Solution File, Format Version 12.00
# Visual Studio 14
VisualStudioVersion = 14.0.24720.0
MinimumVisualStudioVersion = 10.0.40219.1
Project("{FAE04EC0-301F-11D3-BF4B-00C04F79EFBC}") = "Hoppla.Deployer.Agent", "src\Hoppla.Deployer.Agent\Hoppla.Deployer.Agent.csproj", "{EEB52977-BAE9-4523-AA50-B27C5C9B268D}"
EndProject
Global
	GlobalSection(SolutionConfigurationPlatforms) = preSolution
		Debug|Any CPU = Debug|Any CPU
		Release|Any CPU = Release|Any CPU
	EndGlobalSection
	GlobalSection(ProjectConfigurationPlatforms) = postSolution
		{EEB52977-BAE9-4523-AA50-B27C5C9B268D}.Debug|Any CPU.ActiveCfg = Debug|Any CPU
		{EEB52977-BAE9-4523-AA50-B27C5C9B268D}.Debug|Any CPU.Build.0 = Debug|Any CPU
		{EEB52977-BAE9-4523-AA50-B27C5C9B268D}.Release|Any CPU.ActiveCfg = Release|Any CPU
		{EEB52977-BAE9-4523-AA50-B27C5C9B268D}.Release|Any CPU.Build.0 = Release|Any CPU
	EndGlobalSection
	GlobalSection(SolutionProperties) = preSolution
		HideSolutionNode = FALSE
	EndGlobalSection
EndGlobal
